input: "tag: user.code_comment_block\n-\nblock comment: user.code_comment_block()\n\
  block comment line:\n    #todo: this should probably be a single function once\n\
  \    #.talon supports implementing actions with parameters?\n\tedit.line_start()\n\
  \    user.code_comment_block_prefix()\n    key(space)\n\tedit.line_end()\n    key(space)\n\
  \    user.code_comment_block_suffix()\n#adds comment to the start of the line\n\
  block comment line <user.text> over:\n    #todo: this should probably be a single\
  \ function once\n    #.talon supports implementing actions with parameters?\n  \
  \  edit.line_start()\n    user.code_comment_block()\n\tinsert(user.text)\nblock\
  \ comment <user.text> over:\n    #todo: this should probably be a single function\
  \ once\n    #.talon supports implementing actions with parameters?\n\tuser.code_comment_block()\n\
  \    insert(user.text)\nblock comment <user.text>$:\n    #todo: this should probably\
  \ be a single function once\n    #.talon supports implementing actions with parameters?\n\
  \    user.code_comment_block()\n    insert(user.text)\n(line | inline) block comment\
  \ <user.text> over:\n    #todo: this should probably be a single function once\n\
  \    #.talon supports implementing actions with parameters?\n\tedit.line_end()\n\
  \   \tuser.code_comment_block_prefix()\n    key(space)\n    insert(user.text)\n\
  \    key(space)\n   \tuser.code_comment_block_suffix()\n(line | inline) block comment\
  \ <user.text>$:\n    #todo: this should probably be a single function once\n   \
  \ #.talon supports implementing actions with parameters?\n\tedit.line_end()\n  \
  \ \tuser.code_comment_block_prefix()\n    key(space)\n    insert(user.text)\n  \
  \  key(space)\n   \tuser.code_comment_block_suffix()\nopen block comment:\n    user.code_comment_block_prefix()\n\
  close block comment:\n    user.code_comment_block_suffix()\n"
output:
  type: source_file
  children:
  - type: context
    children:
    - type: match
      key:
        text: tag
        type: identifier
      pattern:
        text: ' user.code_comment_block'
        type: implicit_string
  - type: command
    rule:
      type: rule
      children:
      - type: seq
        children:
        - text: block
          type: word
        - text: comment
          type: word
    script:
      type: block
      children:
      - type: expression
        expression:
          type: action
          action_name:
            text: user.code_comment_block
            type: identifier
          arguments:
            type: argument_list
            children: []
  - type: command
    rule:
      type: rule
      children:
      - type: seq
        children:
        - text: block
          type: word
        - text: comment
          type: word
        - text: line
          type: word
    script:
      text: '#todo: this should probably be a single function once'
      type: comment
  - type: command
    rule:
      type: rule
      children:
      - type: seq
        children:
        - text: user
          type: word
        - type: ERROR
          children:
          - type: ERROR
            children: []
        - type: parenthesized_rule
          children:
          - text: ''
            type: word
        - text: key
          type: word
        - type: parenthesized_rule
          children:
          - text: space
            type: word
        - text: edit
          type: word
        - type: ERROR
          children:
          - type: ERROR
            children: []
        - type: parenthesized_rule
          children:
          - text: ''
            type: word
        - text: key
          type: word
        - type: parenthesized_rule
          children:
          - text: space
            type: word
        - text: user
          type: word
        - type: ERROR
          children:
          - type: ERROR
            children: []
        - type: parenthesized_rule
          children:
          - text: ''
            type: word
        - text: '#adds comment to the start of the line'
          type: comment
        - text: block
          type: word
        - text: comment
          type: word
        - text: line
          type: word
        - type: capture
          capture_name:
            text: user.text
            type: identifier
        - text: over
          type: word
    script:
      text: '#todo: this should probably be a single function once'
      type: comment
  - type: command
    rule:
      type: rule
      children:
      - type: seq
        children:
        - text: block
          type: word
        - text: comment
          type: word
        - type: capture
          capture_name:
            text: user.text
            type: identifier
        - text: over
          type: word
    script:
      text: '#todo: this should probably be a single function once'
      type: comment
  - type: command
    rule:
      type: rule
      children:
      - type: seq
        children:
        - text: insert
          type: word
        - type: parenthesized_rule
          children:
          - text: user
            type: word
          - type: ERROR
            children:
            - type: ERROR
              children: []
        - text: block
          type: word
        - text: comment
          type: word
        - type: capture
          capture_name:
            text: user.text
            type: identifier
      - text: $
        type: end_anchor
    script:
      text: '#todo: this should probably be a single function once'
      type: comment
  - type: command
    rule:
      type: rule
      children:
      - type: seq
        children:
        - type: parenthesized_rule
          children:
          - type: choice
            children:
            - text: line
              type: word
            - text: inline
              type: word
        - text: block
          type: word
        - text: comment
          type: word
        - type: capture
          capture_name:
            text: user.text
            type: identifier
        - text: over
          type: word
    script:
      text: '#todo: this should probably be a single function once'
      type: comment
  - type: command
    rule:
      type: rule
      children:
      - type: seq
        children:
        - text: key
          type: word
        - type: parenthesized_rule
          children:
          - text: space
            type: word
        - text: insert
          type: word
        - type: parenthesized_rule
          children:
          - text: user
            type: word
          - type: ERROR
            children:
            - type: ERROR
              children: []
        - text: key
          type: word
        - type: parenthesized_rule
          children:
          - text: space
            type: word
        - text: user
          type: word
        - type: ERROR
          children:
          - type: ERROR
            children: []
        - type: parenthesized_rule
          children:
          - text: ''
            type: word
        - type: parenthesized_rule
          children:
          - type: choice
            children:
            - text: line
              type: word
            - text: inline
              type: word
        - text: block
          type: word
        - text: comment
          type: word
        - type: capture
          capture_name:
            text: user.text
            type: identifier
      - text: $
        type: end_anchor
    script:
      text: '#todo: this should probably be a single function once'
      type: comment
  - type: command
    rule:
      type: rule
      children:
      - type: seq
        children:
        - text: key
          type: word
        - type: parenthesized_rule
          children:
          - text: space
            type: word
        - text: insert
          type: word
        - type: parenthesized_rule
          children:
          - text: user
            type: word
          - type: ERROR
            children:
            - type: ERROR
              children: []
        - text: key
          type: word
        - type: parenthesized_rule
          children:
          - text: space
            type: word
        - text: user
          type: word
        - type: ERROR
          children:
          - type: ERROR
            children: []
        - type: parenthesized_rule
          children:
          - text: ''
            type: word
        - text: open
          type: word
        - text: block
          type: word
        - text: comment
          type: word
    script:
      type: block
      children:
      - type: expression
        expression:
          type: action
          action_name:
            text: user.code_comment_block_prefix
            type: identifier
          arguments:
            type: argument_list
            children: []
  - type: command
    rule:
      type: rule
      children:
      - type: seq
        children:
        - text: close
          type: word
        - text: block
          type: word
        - text: comment
          type: word
    script:
      type: block
      children:
      - type: expression
        expression:
          type: action
          action_name:
            text: user.code_comment_block_suffix
            type: identifier
          arguments:
            type: argument_list
            children: []
